
Microsoft Visual Studio Solution File, Format Version 12.00
# Visual Studio Version 16
VisualStudioVersion = 16.0.29306.81
MinimumVisualStudioVersion = 10.0.40219.1
Project("{FAE04EC0-301F-11D3-BF4B-00C04F79EFBC}") = "Project.Service", "Project.Service\Project.Service.csproj", "{974EA04E-A6BD-4AA6-B2C4-49E832922981}"
EndProject
Global
	GlobalSection(SolutionConfigurationPlatforms) = preSolution
		Debug|Any CPU = Debug|Any CPU
		Release|Any CPU = Release|Any CPU
	EndGlobalSection
	GlobalSection(ProjectConfigurationPlatforms) = postSolution
		{974EA04E-A6BD-4AA6-B2C4-49E832922981}.Debug|Any CPU.ActiveCfg = Debug|Any CPU
		{974EA04E-A6BD-4AA6-B2C4-49E832922981}.Debug|Any CPU.Build.0 = Debug|Any CPU
		{974EA04E-A6BD-4AA6-B2C4-49E832922981}.Release|Any CPU.ActiveCfg = Release|Any CPU
		{974EA04E-A6BD-4AA6-B2C4-49E832922981}.Release|Any CPU.Build.0 = Release|Any CPU
	EndGlobalSection
	GlobalSection(SolutionProperties) = preSolution
		HideSolutionNode = FALSE
	EndGlobalSection
	GlobalSection(ExtensibilityGlobals) = postSolution
		SolutionGuid = {5C13DCF8-21E8-4074-83B9-7BD3426837D1}
	EndGlobalSection
EndGlobal
